{
  "name": "tce-documentation-site",
  "version": "0.0.0",
  "lockfileVersion": 2,
  "requires": true,
  "packages": {
    "": {
      "name": "tce-documentation-site",
      "version": "0.0.0",
      "dependencies": {
        "@docsearch/js": "3.0.0-alpha.42",
        "medium-zoom": "1.0.6"
      }
    },
    "node_modules/@algolia/autocomplete-core": {
      "version": "1.5.0",
      "resolved": "https://registry.npmjs.org/@algolia/autocomplete-core/-/autocomplete-core-1.5.0.tgz",
      "integrity": "sha512-E7+VJwcvwMM8vPeaVn7fNUgix8WHV8A1WUeHDi2KHemCaaGc8lvUnP3QnvhMxiDhTe7OpMEv4o2TBUMyDgThaw==",
      "dependencies": {
        "@algolia/autocomplete-shared": "1.5.0"
      }
    },
    "node_modules/@algolia/autocomplete-shared": {
      "version": "1.5.0",
      "resolved": "https://registry.npmjs.org/@algolia/autocomplete-shared/-/autocomplete-shared-1.5.0.tgz",
      "integrity": "sha512-bRSkqHHHSwZYbFY3w9hgMyQRm86Wz27bRaGCbNldLfbk0zUjApmE4ajx+ZCVSLqxvcUEjMqZFJzDsder12eKsg=="
    },
    "node_modules/@algolia/cache-browser-local-storage": {
      "version": "4.11.0",
      "resolved": "https://registry.npmjs.org/@algolia/cache-browser-local-storage/-/cache-browser-local-storage-4.11.0.tgz",
      "integrity": "sha512-4sr9vHIG1fVA9dONagdzhsI/6M5mjs/qOe2xUP0yBmwsTsuwiZq3+Xu6D3dsxsuFetcJgC6ydQoCW8b7fDJHYQ==",
      "dependencies": {
        "@algolia/cache-common": "4.11.0"
      }
    },
    "node_modules/@algolia/cache-common": {
      "version": "4.11.0",
      "resolved": "https://registry.npmjs.org/@algolia/cache-common/-/cache-common-4.11.0.tgz",
      "integrity": "sha512-lODcJRuPXqf+6mp0h6bOxPMlbNoyn3VfjBVcQh70EDP0/xExZbkpecgHyyZK4kWg+evu+mmgvTK3GVHnet/xKw=="
    },
    "node_modules/@algolia/cache-in-memory": {
      "version": "4.11.0",
      "resolved": "https://registry.npmjs.org/@algolia/cache-in-memory/-/cache-in-memory-4.11.0.tgz",
      "integrity": "sha512-aBz+stMSTBOBaBEQ43zJXz2DnwS7fL6dR0e2myehAgtfAWlWwLDHruc/98VOy1ZAcBk1blE2LCU02bT5HekGxQ==",
      "dependencies": {
        "@algolia/cache-common": "4.11.0"
      }
    },
    "node_modules/@algolia/client-account": {
      "version": "4.11.0",
      "resolved": "https://registry.npmjs.org/@algolia/client-account/-/client-account-4.11.0.tgz",
      "integrity": "sha512-jwmFBoUSzoMwMqgD3PmzFJV/d19p1RJXB6C1ADz4ju4mU7rkaQLtqyZroQpheLoU5s5Tilmn/T8/0U2XLoJCRQ==",
      "dependencies": {
        "@algolia/client-common": "4.11.0",
        "@algolia/client-search": "4.11.0",
        "@algolia/transporter": "4.11.0"
      }
    },
    "node_modules/@algolia/client-analytics": {
      "version": "4.11.0",
      "resolved": "https://registry.npmjs.org/@algolia/client-analytics/-/client-analytics-4.11.0.tgz",
      "integrity": "sha512-v5U9585aeEdYml7JqggHAj3E5CQ+jPwGVztPVhakBk8H/cmLyPS2g8wvmIbaEZCHmWn4TqFj3EBHVYxAl36fSA==",
      "dependencies": {
        "@algolia/client-common": "4.11.0",
        "@algolia/client-search": "4.11.0",
        "@algolia/requester-common": "4.11.0",
        "@algolia/transporter": "4.11.0"
      }
    },
    "node_modules/@algolia/client-common": {
      "version": "4.11.0",
      "resolved": "https://registry.npmjs.org/@algolia/client-common/-/client-common-4.11.0.tgz",
      "integrity": "sha512-Qy+F+TZq12kc7tgfC+FM3RvYH/Ati7sUiUv/LkvlxFwNwNPwWGoZO81AzVSareXT/ksDDrabD4mHbdTbBPTRmQ==",
      "dependencies": {
        "@algolia/requester-common": "4.11.0",
        "@algolia/transporter": "4.11.0"
      }
    },
    "node_modules/@algolia/client-personalization": {
      "version": "4.11.0",
      "resolved": "https://registry.npmjs.org/@algolia/client-personalization/-/client-personalization-4.11.0.tgz",
      "integrity": "sha512-mI+X5IKiijHAzf9fy8VSl/GTT67dzFDnJ0QAM8D9cMPevnfX4U72HRln3Mjd0xEaYUOGve8TK/fMg7d3Z5yG6g==",
      "dependencies": {
        "@algolia/client-common": "4.11.0",
        "@algolia/requester-common": "4.11.0",
        "@algolia/transporter": "4.11.0"
      }
    },
    "node_modules/@algolia/client-search": {
      "version": "4.11.0",
      "resolved": "https://registry.npmjs.org/@algolia/client-search/-/client-search-4.11.0.tgz",
      "integrity": "sha512-iovPLc5YgiXBdw2qMhU65sINgo9umWbHFzInxoNErWnYoTQWfXsW6P54/NlKx5uscoLVjSf+5RUWwFu5BX+lpw==",
      "dependencies": {
        "@algolia/client-common": "4.11.0",
        "@algolia/requester-common": "4.11.0",
        "@algolia/transporter": "4.11.0"
      }
    },
    "node_modules/@algolia/logger-common": {
      "version": "4.11.0",
      "resolved": "https://registry.npmjs.org/@algolia/logger-common/-/logger-common-4.11.0.tgz",
      "integrity": "sha512-pRMJFeOY8hoWKIxWuGHIrqnEKN/kqKh7UilDffG/+PeEGxBuku+Wq5CfdTFG0C9ewUvn8mAJn5BhYA5k8y0Jqg=="
    },
    "node_modules/@algolia/logger-console": {
      "version": "4.11.0",
      "resolved": "https://registry.npmjs.org/@algolia/logger-console/-/logger-console-4.11.0.tgz",
      "integrity": "sha512-wXztMk0a3VbNmYP8Kpc+F7ekuvaqZmozM2eTLok0XIshpAeZ/NJDHDffXK2Pw+NF0wmHqurptLYwKoikjBYvhQ==",
      "dependencies": {
        "@algolia/logger-common": "4.11.0"
      }
    },
    "node_modules/@algolia/requester-browser-xhr": {
      "version": "4.11.0",
      "resolved": "https://registry.npmjs.org/@algolia/requester-browser-xhr/-/requester-browser-xhr-4.11.0.tgz",
      "integrity": "sha512-Fp3SfDihAAFR8bllg8P5ouWi3+qpEVN5e7hrtVIYldKBOuI/qFv80Zv/3/AMKNJQRYglS4zWyPuqrXm58nz6KA==",
      "dependencies": {
        "@algolia/requester-common": "4.11.0"
      }
    },
    "node_modules/@algolia/requester-common": {
      "version": "4.11.0",
      "resolved": "https://registry.npmjs.org/@algolia/requester-common/-/requester-common-4.11.0.tgz",
      "integrity": "sha512-+cZGe/9fuYgGuxjaBC+xTGBkK7OIYdfapxhfvEf03dviLMPmhmVYFJtJlzAjQ2YmGDJpHrGgAYj3i/fbs8yhiA=="
    },
    "node_modules/@algolia/requester-node-http": {
      "version": "4.11.0",
      "resolved": "https://registry.npmjs.org/@algolia/requester-node-http/-/requester-node-http-4.11.0.tgz",
      "integrity": "sha512-qJIk9SHRFkKDi6dMT9hba8X1J1z92T5AZIgl+tsApjTGIRQXJLTIm+0q4yOefokfu4CoxYwRZ9QAq+ouGwfeOg==",
      "dependencies": {
        "@algolia/requester-common": "4.11.0"
      }
    },
    "node_modules/@algolia/transporter": {
      "version": "4.11.0",
      "resolved": "https://registry.npmjs.org/@algolia/transporter/-/transporter-4.11.0.tgz",
      "integrity": "sha512-k4dyxiaEfYpw4UqybK9q7lrFzehygo6KV3OCYJMMdX0IMWV0m4DXdU27c1zYRYtthaFYaBzGF4Kjcl8p8vxCKw==",
      "dependencies": {
        "@algolia/cache-common": "4.11.0",
        "@algolia/logger-common": "4.11.0",
        "@algolia/requester-common": "4.11.0"
      }
    },
    "node_modules/@docsearch/css": {
      "version": "3.0.0-alpha.42",
      "resolved": "https://registry.npmjs.org/@docsearch/css/-/css-3.0.0-alpha.42.tgz",
      "integrity": "sha512-AGwI2AXUacYhVOHmYnsXoYDJKO6Ued2W+QO80GERbMLhC7GH5tfvtW5REs/s7jSdcU3vzFoxT8iPDBCh/PkrlQ=="
    },
    "node_modules/@docsearch/js": {
      "version": "3.0.0-alpha.42",
      "resolved": "https://registry.npmjs.org/@docsearch/js/-/js-3.0.0-alpha.42.tgz",
      "integrity": "sha512-8rxxsvFKS5GzDX2MYMETeib4EOwAkoxVUHFP5R4tSENXojhuCEy3np+k3Q0c9WPT+MUmWLxKJab5jyl0jmaeBQ==",
      "dependencies": {
        "@docsearch/react": "3.0.0-alpha.42",
        "preact": "^10.0.0"
      }
    },
    "node_modules/@docsearch/react": {
      "version": "3.0.0-alpha.42",
      "resolved": "https://registry.npmjs.org/@docsearch/react/-/react-3.0.0-alpha.42.tgz",
      "integrity": "sha512-1aOslZJDxwUUcm2QRNmlEePUgL8P5fOAeFdOLDMctHQkV2iTja9/rKVbkP8FZbIUnZxuuCCn8ErLrjD/oXWOag==",
      "dependencies": {
        "@algolia/autocomplete-core": "1.5.0",
        "@algolia/autocomplete-preset-algolia": "1.5.0",
        "@docsearch/css": "3.0.0-alpha.42",
        "algoliasearch": "^4.0.0"
      },
      "peerDependencies": {
        "@types/react": ">= 16.8.0 < 18.0.0",
        "react": ">= 16.8.0 < 18.0.0",
        "react-dom": ">= 16.8.0 < 18.0.0"
      }
    },
    "node_modules/@docsearch/react/node_modules/@algolia/autocomplete-preset-algolia": {
      "version": "1.5.0",
      "resolved": "https://registry.npmjs.org/@algolia/autocomplete-preset-algolia/-/autocomplete-preset-algolia-1.5.0.tgz",
      "integrity": "sha512-iiFxKERGHkvkiupmrFJbvESpP/zv5jSgH714XRiP5LDvUHaYOo4GLAwZCFf2ef/L5tdtPBARvekn6k1Xf33gjA==",
      "dependencies": {
        "@algolia/autocomplete-shared": "1.5.0"
      },
      "peerDependencies": {
        "@algolia/client-search": "^4.9.1",
        "algoliasearch": "^4.9.1"
      }
    },
    "node_modules/@docsearch/react/node_modules/algoliasearch": {
      "version": "4.11.0",
      "resolved": "https://registry.npmjs.org/algoliasearch/-/algoliasearch-4.11.0.tgz",
      "integrity": "sha512-IXRj8kAP2WrMmj+eoPqPc6P7Ncq1yZkFiyDrjTBObV1ADNL8Z/KdZ+dWC5MmYcBLAbcB/mMCpak5N/D1UIZvsA==",
      "dependencies": {
        "@algolia/cache-browser-local-storage": "4.11.0",
        "@algolia/cache-common": "4.11.0",
        "@algolia/cache-in-memory": "4.11.0",
        "@algolia/client-account": "4.11.0",
        "@algolia/client-analytics": "4.11.0",
        "@algolia/client-common": "4.11.0",
        "@algolia/client-personalization": "4.11.0",
        "@algolia/client-search": "4.11.0",
        "@algolia/logger-common": "4.11.0",
        "@algolia/logger-console": "4.11.0",
        "@algolia/requester-browser-xhr": "4.11.0",
        "@algolia/requester-common": "4.11.0",
        "@algolia/requester-node-http": "4.11.0",
        "@algolia/transporter": "4.11.0"
      }
    },
    "node_modules/@types/prop-types": {
      "version": "15.7.4",
      "resolved": "https://registry.npmjs.org/@types/prop-types/-/prop-types-15.7.4.tgz",
      "integrity": "sha512-rZ5drC/jWjrArrS8BR6SIr4cWpW09RNTYt9AMZo3Jwwif+iacXAqgVjm0B0Bv/S1jhDXKHqRVNCbACkJ89RAnQ==",
      "peer": true
    },
    "node_modules/@types/react": {
      "version": "17.0.37",
      "resolved": "https://registry.npmjs.org/@types/react/-/react-17.0.37.tgz",
      "integrity": "sha512-2FS1oTqBGcH/s0E+CjrCCR9+JMpsu9b69RTFO+40ua43ZqP5MmQ4iUde/dMjWR909KxZwmOQIFq6AV6NjEG5xg==",
      "peer": true,
      "dependencies": {
        "@types/prop-types": "*",
        "@types/scheduler": "*",
        "csstype": "^3.0.2"
      }
    },
    "node_modules/@types/scheduler": {
      "version": "0.16.2",
      "resolved": "https://registry.npmjs.org/@types/scheduler/-/scheduler-0.16.2.tgz",
      "integrity": "sha512-hppQEBDmlwhFAXKJX2KnWLYu5yMfi91yazPb2l+lbJiwW+wdo1gNeRA+3RgNSO39WYX2euey41KEwnqesU2Jew==",
      "peer": true
    },
    "node_modules/csstype": {
      "version": "3.0.10",
      "resolved": "https://registry.npmjs.org/csstype/-/csstype-3.0.10.tgz",
      "integrity": "sha512-2u44ZG2OcNUO9HDp/Jl8C07x6pU/eTR3ncV91SiK3dhG9TWvRVsCoJw14Ckx5DgWkzGA3waZWO3d7pgqpUI/XA==",
      "peer": true
    },
    "node_modules/js-tokens": {
      "version": "4.0.0",
      "resolved": "https://registry.npmjs.org/js-tokens/-/js-tokens-4.0.0.tgz",
      "integrity": "sha512-RdJUflcE3cUzKiMqQgsCu06FPu9UdIJO0beYbPhHN4k6apgJtifcoCtT9bcxOpYBtpD2kCM6Sbzg4CausW/PKQ==",
      "peer": true
    },
    "node_modules/loose-envify": {
      "version": "1.4.0",
      "resolved": "https://registry.npmjs.org/loose-envify/-/loose-envify-1.4.0.tgz",
      "integrity": "sha512-lyuxPGr/Wfhrlem2CL/UcnUc1zcqKAImBDzukY7Y5F/yQiNdko6+fRLevlw1HgMySw7f611UIY408EtxRSoK3Q==",
      "peer": true,
      "dependencies": {
        "js-tokens": "^3.0.0 || ^4.0.0"
      },
      "bin": {
        "loose-envify": "cli.js"
      }
    },
    "node_modules/medium-zoom": {
      "version": "1.0.6",
      "resolved": "https://registry.npmjs.org/medium-zoom/-/medium-zoom-1.0.6.tgz",
      "integrity": "sha512-UdiUWfvz9fZMg1pzf4dcuqA0W079o0mpqbTnOz5ip4VGYX96QjmbM+OgOU/0uOzAytxC0Ny4z+VcYQnhdifimg=="
    },
    "node_modules/object-assign": {
      "version": "4.1.1",
      "resolved": "https://registry.npmjs.org/object-assign/-/object-assign-4.1.1.tgz",
      "integrity": "sha1-IQmtx5ZYh8/AXLvUQsrIv7s2CGM=",
      "peer": true,
      "engines": {
        "node": ">=0.10.0"
      }
    },
    "node_modules/preact": {
      "version": "10.6.4",
      "resolved": "https://registry.npmjs.org/preact/-/preact-10.6.4.tgz",
      "integrity": "sha512-WyosM7pxGcndU8hY0OQlLd54tOU+qmG45QXj2dAYrL11HoyU/EzOSTlpJsirbBr1QW7lICxSsVJJmcmUglovHQ==",
      "funding": {
        "type": "opencollective",
        "url": "https://opencollective.com/preact"
      }
    },
    "node_modules/react": {
      "version": "17.0.2",
      "resolved": "https://registry.npmjs.org/react/-/react-17.0.2.tgz",
      "integrity": "sha512-gnhPt75i/dq/z3/6q/0asP78D0u592D5L1pd7M8P+dck6Fu/jJeL6iVVK23fptSUZj8Vjf++7wXA8UNclGQcbA==",
      "peer": true,
      "dependencies": {
        "loose-envify": "^1.1.0",
        "object-assign": "^4.1.1"
      },
      "engines": {
        "node": ">=0.10.0"
      }
    },
    "node_modules/react-dom": {
      "version": "17.0.2",
      "resolved": "https://registry.npmjs.org/react-dom/-/react-dom-17.0.2.tgz",
      "integrity": "sha512-s4h96KtLDUQlsENhMn1ar8t2bEa+q/YAtj8pPPdIjPDGBDIVNsrD9aXNWqspUe6AzKCIG0C1HZZLqLV7qpOBGA==",
      "peer": true,
      "dependencies": {
        "loose-envify": "^1.1.0",
        "object-assign": "^4.1.1",
        "scheduler": "^0.20.2"
      },
      "peerDependencies": {
        "react": "17.0.2"
      }
    },
    "node_modules/scheduler": {
      "version": "0.20.2",
      "resolved": "https://registry.npmjs.org/scheduler/-/scheduler-0.20.2.tgz",
      "integrity": "sha512-2eWfGgAqqWFGqtdMmcL5zCMK1U8KlXv8SQFGglL3CEtd0aDVDWgeF/YoCmvln55m5zSk3J/20hTaSBeSObsQDQ==",
      "peer": true,
      "dependencies": {
        "loose-envify": "^1.1.0",
        "object-assign": "^4.1.1"
      }
    }
  },
  "dependencies": {
    "@algolia/autocomplete-core": {
      "version": "1.5.0",
      "resolved": "https://registry.npmjs.org/@algolia/autocomplete-core/-/autocomplete-core-1.5.0.tgz",
      "integrity": "sha512-E7+VJwcvwMM8vPeaVn7fNUgix8WHV8A1WUeHDi2KHemCaaGc8lvUnP3QnvhMxiDhTe7OpMEv4o2TBUMyDgThaw==",
      "requires": {
        "@algolia/autocomplete-shared": "1.5.0"
      }
    },
    "@algolia/autocomplete-shared": {
      "version": "1.5.0",
      "resolved": "https://registry.npmjs.org/@algolia/autocomplete-shared/-/autocomplete-shared-1.5.0.tgz",
      "integrity": "sha512-bRSkqHHHSwZYbFY3w9hgMyQRm86Wz27bRaGCbNldLfbk0zUjApmE4ajx+ZCVSLqxvcUEjMqZFJzDsder12eKsg=="
    },
    "@algolia/cache-browser-local-storage": {
      "version": "4.11.0",
      "resolved": "https://registry.npmjs.org/@algolia/cache-browser-local-storage/-/cache-browser-local-storage-4.11.0.tgz",
      "integrity": "sha512-4sr9vHIG1fVA9dONagdzhsI/6M5mjs/qOe2xUP0yBmwsTsuwiZq3+Xu6D3dsxsuFetcJgC6ydQoCW8b7fDJHYQ==",
      "requires": {
        "@algolia/cache-common": "4.11.0"
      }
    },
    "@algolia/cache-common": {
      "version": "4.11.0",
      "resolved": "https://registry.npmjs.org/@algolia/cache-common/-/cache-common-4.11.0.tgz",
      "integrity": "sha512-lODcJRuPXqf+6mp0h6bOxPMlbNoyn3VfjBVcQh70EDP0/xExZbkpecgHyyZK4kWg+evu+mmgvTK3GVHnet/xKw=="
    },
    "@algolia/cache-in-memory": {
      "version": "4.11.0",
      "resolved": "https://registry.npmjs.org/@algolia/cache-in-memory/-/cache-in-memory-4.11.0.tgz",
      "integrity": "sha512-aBz+stMSTBOBaBEQ43zJXz2DnwS7fL6dR0e2myehAgtfAWlWwLDHruc/98VOy1ZAcBk1blE2LCU02bT5HekGxQ==",
      "requires": {
        "@algolia/cache-common": "4.11.0"
      }
    },
    "@algolia/client-account": {
      "version": "4.11.0",
      "resolved": "https://registry.npmjs.org/@algolia/client-account/-/client-account-4.11.0.tgz",
      "integrity": "sha512-jwmFBoUSzoMwMqgD3PmzFJV/d19p1RJXB6C1ADz4ju4mU7rkaQLtqyZroQpheLoU5s5Tilmn/T8/0U2XLoJCRQ==",
      "requires": {
        "@algolia/client-common": "4.11.0",
        "@algolia/client-search": "4.11.0",
        "@algolia/transporter": "4.11.0"
      }
    },
    "@algolia/client-analytics": {
      "version": "4.11.0",
      "resolved": "https://registry.npmjs.org/@algolia/client-analytics/-/client-analytics-4.11.0.tgz",
      "integrity": "sha512-v5U9585aeEdYml7JqggHAj3E5CQ+jPwGVztPVhakBk8H/cmLyPS2g8wvmIbaEZCHmWn4TqFj3EBHVYxAl36fSA==",
      "requires": {
        "@algolia/client-common": "4.11.0",
        "@algolia/client-search": "4.11.0",
        "@algolia/requester-common": "4.11.0",
        "@algolia/transporter": "4.11.0"
      }
    },
    "@algolia/client-common": {
      "version": "4.11.0",
      "resolved": "https://registry.npmjs.org/@algolia/client-common/-/client-common-4.11.0.tgz",
      "integrity": "sha512-Qy+F+TZq12kc7tgfC+FM3RvYH/Ati7sUiUv/LkvlxFwNwNPwWGoZO81AzVSareXT/ksDDrabD4mHbdTbBPTRmQ==",
      "requires": {
        "@algolia/requester-common": "4.11.0",
        "@algolia/transporter": "4.11.0"
      }
    },
    "@algolia/client-personalization": {
      "version": "4.11.0",
      "resolved": "https://registry.npmjs.org/@algolia/client-personalization/-/client-personalization-4.11.0.tgz",
      "integrity": "sha512-mI+X5IKiijHAzf9fy8VSl/GTT67dzFDnJ0QAM8D9cMPevnfX4U72HRln3Mjd0xEaYUOGve8TK/fMg7d3Z5yG6g==",
      "requires": {
        "@algolia/client-common": "4.11.0",
        "@algolia/requester-common": "4.11.0",
        "@algolia/transporter": "4.11.0"
      }
    },
    "@algolia/client-search": {
      "version": "4.11.0",
      "resolved": "https://registry.npmjs.org/@algolia/client-search/-/client-search-4.11.0.tgz",
      "integrity": "sha512-iovPLc5YgiXBdw2qMhU65sINgo9umWbHFzInxoNErWnYoTQWfXsW6P54/NlKx5uscoLVjSf+5RUWwFu5BX+lpw==",
      "requires": {
        "@algolia/client-common": "4.11.0",
        "@algolia/requester-common": "4.11.0",
        "@algolia/transporter": "4.11.0"
      }
    },
    "@algolia/logger-common": {
      "version": "4.11.0",
      "resolved": "https://registry.npmjs.org/@algolia/logger-common/-/logger-common-4.11.0.tgz",
      "integrity": "sha512-pRMJFeOY8hoWKIxWuGHIrqnEKN/kqKh7UilDffG/+PeEGxBuku+Wq5CfdTFG0C9ewUvn8mAJn5BhYA5k8y0Jqg=="
    },
    "@algolia/logger-console": {
      "version": "4.11.0",
      "resolved": "https://registry.npmjs.org/@algolia/logger-console/-/logger-console-4.11.0.tgz",
      "integrity": "sha512-wXztMk0a3VbNmYP8Kpc+F7ekuvaqZmozM2eTLok0XIshpAeZ/NJDHDffXK2Pw+NF0wmHqurptLYwKoikjBYvhQ==",
      "requires": {
        "@algolia/logger-common": "4.11.0"
      }
    },
    "@algolia/requester-browser-xhr": {
      "version": "4.11.0",
      "resolved": "https://registry.npmjs.org/@algolia/requester-browser-xhr/-/requester-browser-xhr-4.11.0.tgz",
      "integrity": "sha512-Fp3SfDihAAFR8bllg8P5ouWi3+qpEVN5e7hrtVIYldKBOuI/qFv80Zv/3/AMKNJQRYglS4zWyPuqrXm58nz6KA==",
      "requires": {
        "@algolia/requester-common": "4.11.0"
      }
    },
    "@algolia/requester-common": {
      "version": "4.11.0",
      "resolved": "https://registry.npmjs.org/@algolia/requester-common/-/requester-common-4.11.0.tgz",
      "integrity": "sha512-+cZGe/9fuYgGuxjaBC+xTGBkK7OIYdfapxhfvEf03dviLMPmhmVYFJtJlzAjQ2YmGDJpHrGgAYj3i/fbs8yhiA=="
    },
    "@algolia/requester-node-http": {
      "version": "4.11.0",
      "resolved": "https://registry.npmjs.org/@algolia/requester-node-http/-/requester-node-http-4.11.0.tgz",
      "integrity": "sha512-qJIk9SHRFkKDi6dMT9hba8X1J1z92T5AZIgl+tsApjTGIRQXJLTIm+0q4yOefokfu4CoxYwRZ9QAq+ouGwfeOg==",
      "requires": {
        "@algolia/requester-common": "4.11.0"
      }
    },
    "@algolia/transporter": {
      "version": "4.11.0",
      "resolved": "https://registry.npmjs.org/@algolia/transporter/-/transporter-4.11.0.tgz",
      "integrity": "sha512-k4dyxiaEfYpw4UqybK9q7lrFzehygo6KV3OCYJMMdX0IMWV0m4DXdU27c1zYRYtthaFYaBzGF4Kjcl8p8vxCKw==",
      "requires": {
        "@algolia/cache-common": "4.11.0",
        "@algolia/logger-common": "4.11.0",
        "@algolia/requester-common": "4.11.0"
      }
    },
    "@docsearch/css": {
      "version": "3.0.0-alpha.42",
      "resolved": "https://registry.npmjs.org/@docsearch/css/-/css-3.0.0-alpha.42.tgz",
      "integrity": "sha512-AGwI2AXUacYhVOHmYnsXoYDJKO6Ued2W+QO80GERbMLhC7GH5tfvtW5REs/s7jSdcU3vzFoxT8iPDBCh/PkrlQ=="
    },
    "@docsearch/js": {
      "version": "3.0.0-alpha.42",
      "resolved": "https://registry.npmjs.org/@docsearch/js/-/js-3.0.0-alpha.42.tgz",
      "integrity": "sha512-8rxxsvFKS5GzDX2MYMETeib4EOwAkoxVUHFP5R4tSENXojhuCEy3np+k3Q0c9WPT+MUmWLxKJab5jyl0jmaeBQ==",
      "requires": {
        "@docsearch/react": "3.0.0-alpha.42",
        "preact": "^10.0.0"
      }
    },
    "@docsearch/react": {
      "version": "3.0.0-alpha.42",
      "resolved": "https://registry.npmjs.org/@docsearch/react/-/react-3.0.0-alpha.42.tgz",
      "integrity": "sha512-1aOslZJDxwUUcm2QRNmlEePUgL8P5fOAeFdOLDMctHQkV2iTja9/rKVbkP8FZbIUnZxuuCCn8ErLrjD/oXWOag==",
      "requires": {
        "@algolia/autocomplete-core": "1.5.0",
        "@algolia/autocomplete-preset-algolia": "1.5.0",
        "@docsearch/css": "3.0.0-alpha.42",
        "algoliasearch": "^4.0.0"
      },
      "dependencies": {
        "@algolia/autocomplete-preset-algolia": {
          "version": "1.5.0",
          "resolved": "https://registry.npmjs.org/@algolia/autocomplete-preset-algolia/-/autocomplete-preset-algolia-1.5.0.tgz",
          "integrity": "sha512-iiFxKERGHkvkiupmrFJbvESpP/zv5jSgH714XRiP5LDvUHaYOo4GLAwZCFf2ef/L5tdtPBARvekn6k1Xf33gjA==",
          "requires": {
            "@algolia/autocomplete-shared": "1.5.0"
          }
        },
        "algoliasearch": {
          "version": "4.11.0",
          "resolved": "https://registry.npmjs.org/algoliasearch/-/algoliasearch-4.11.0.tgz",
          "integrity": "sha512-IXRj8kAP2WrMmj+eoPqPc6P7Ncq1yZkFiyDrjTBObV1ADNL8Z/KdZ+dWC5MmYcBLAbcB/mMCpak5N/D1UIZvsA==",
          "requires": {
            "@algolia/cache-browser-local-storage": "4.11.0",
            "@algolia/cache-common": "4.11.0",
            "@algolia/cache-in-memory": "4.11.0",
            "@algolia/client-account": "4.11.0",
            "@algolia/client-analytics": "4.11.0",
            "@algolia/client-common": "4.11.0",
            "@algolia/client-personalization": "4.11.0",
            "@algolia/client-search": "4.11.0",
            "@algolia/logger-common": "4.11.0",
            "@algolia/logger-console": "4.11.0",
            "@algolia/requester-browser-xhr": "4.11.0",
            "@algolia/requester-common": "4.11.0",
            "@algolia/requester-node-http": "4.11.0",
            "@algolia/transporter": "4.11.0"
          }
        }
      }
    },
    "@types/prop-types": {
      "version": "15.7.4",
      "resolved": "https://registry.npmjs.org/@types/prop-types/-/prop-types-15.7.4.tgz",
      "integrity": "sha512-rZ5drC/jWjrArrS8BR6SIr4cWpW09RNTYt9AMZo3Jwwif+iacXAqgVjm0B0Bv/S1jhDXKHqRVNCbACkJ89RAnQ==",
      "peer": true
    },
    "@types/react": {
      "version": "17.0.37",
      "resolved": "https://registry.npmjs.org/@types/react/-/react-17.0.37.tgz",
      "integrity": "sha512-2FS1oTqBGcH/s0E+CjrCCR9+JMpsu9b69RTFO+40ua43ZqP5MmQ4iUde/dMjWR909KxZwmOQIFq6AV6NjEG5xg==",
      "peer": true,
      "requires": {
        "@types/prop-types": "*",
        "@types/scheduler": "*",
        "csstype": "^3.0.2"
      }
    },
    "@types/scheduler": {
      "version": "0.16.2",
      "resolved": "https://registry.npmjs.org/@types/scheduler/-/scheduler-0.16.2.tgz",
      "integrity": "sha512-hppQEBDmlwhFAXKJX2KnWLYu5yMfi91yazPb2l+lbJiwW+wdo1gNeRA+3RgNSO39WYX2euey41KEwnqesU2Jew==",
      "peer": true
    },
    "csstype": {
      "version": "3.0.10",
      "resolved": "https://registry.npmjs.org/csstype/-/csstype-3.0.10.tgz",
      "integrity": "sha512-2u44ZG2OcNUO9HDp/Jl8C07x6pU/eTR3ncV91SiK3dhG9TWvRVsCoJw14Ckx5DgWkzGA3waZWO3d7pgqpUI/XA==",
      "peer": true
    },
    "js-tokens": {
      "version": "4.0.0",
      "resolved": "https://registry.npmjs.org/js-tokens/-/js-tokens-4.0.0.tgz",
      "integrity": "sha512-RdJUflcE3cUzKiMqQgsCu06FPu9UdIJO0beYbPhHN4k6apgJtifcoCtT9bcxOpYBtpD2kCM6Sbzg4CausW/PKQ==",
      "peer": true
    },
    "loose-envify": {
      "version": "1.4.0",
      "resolved": "https://registry.npmjs.org/loose-envify/-/loose-envify-1.4.0.tgz",
      "integrity": "sha512-lyuxPGr/Wfhrlem2CL/UcnUc1zcqKAImBDzukY7Y5F/yQiNdko6+fRLevlw1HgMySw7f611UIY408EtxRSoK3Q==",
      "peer": true,
      "requires": {
        "js-tokens": "^3.0.0 || ^4.0.0"
      }
    },
    "medium-zoom": {
      "version": "1.0.6",
      "resolved": "https://registry.npmjs.org/medium-zoom/-/medium-zoom-1.0.6.tgz",
      "integrity": "sha512-UdiUWfvz9fZMg1pzf4dcuqA0W079o0mpqbTnOz5ip4VGYX96QjmbM+OgOU/0uOzAytxC0Ny4z+VcYQnhdifimg=="
    },
    "object-assign": {
      "version": "4.1.1",
      "resolved": "https://registry.npmjs.org/object-assign/-/object-assign-4.1.1.tgz",
      "integrity": "sha1-IQmtx5ZYh8/AXLvUQsrIv7s2CGM=",
      "peer": true
    },
    "preact": {
      "version": "10.6.4",
      "resolved": "https://registry.npmjs.org/preact/-/preact-10.6.4.tgz",
      "integrity": "sha512-WyosM7pxGcndU8hY0OQlLd54tOU+qmG45QXj2dAYrL11HoyU/EzOSTlpJsirbBr1QW7lICxSsVJJmcmUglovHQ=="
    },
    "react": {
      "version": "17.0.2",
      "resolved": "https://registry.npmjs.org/react/-/react-17.0.2.tgz",
      "integrity": "sha512-gnhPt75i/dq/z3/6q/0asP78D0u592D5L1pd7M8P+dck6Fu/jJeL6iVVK23fptSUZj8Vjf++7wXA8UNclGQcbA==",
      "peer": true,
      "requires": {
        "loose-envify": "^1.1.0",
        "object-assign": "^4.1.1"
      }
    },
    "react-dom": {
      "version": "17.0.2",
      "resolved": "https://registry.npmjs.org/react-dom/-/react-dom-17.0.2.tgz",
      "integrity": "sha512-s4h96KtLDUQlsENhMn1ar8t2bEa+q/YAtj8pPPdIjPDGBDIVNsrD9aXNWqspUe6AzKCIG0C1HZZLqLV7qpOBGA==",
      "peer": true,
      "requires": {
        "loose-envify": "^1.1.0",
        "object-assign": "^4.1.1",
        "scheduler": "^0.20.2"
      }
    },
    "scheduler": {
      "version": "0.20.2",
      "resolved": "https://registry.npmjs.org/scheduler/-/scheduler-0.20.2.tgz",
      "integrity": "sha512-2eWfGgAqqWFGqtdMmcL5zCMK1U8KlXv8SQFGglL3CEtd0aDVDWgeF/YoCmvln55m5zSk3J/20hTaSBeSObsQDQ==",
      "peer": true,
      "requires": {
        "loose-envify": "^1.1.0",
        "object-assign": "^4.1.1"
      }
    }
  }
}
