{
  "name": "tce-documentation-site",
  "version": "0.0.0",
  "lockfileVersion": 2,
  "requires": true,
  "packages": {
    "": {
      "name": "tce-documentation-site",
      "version": "0.0.0",
      "dependencies": {
        "@docsearch/js": "3.0.0",
        "medium-zoom": "1.0.6"
      }
    },
    "node_modules/@algolia/autocomplete-core": {
      "version": "1.5.2",
      "resolved": "https://registry.npmjs.org/@algolia/autocomplete-core/-/autocomplete-core-1.5.2.tgz",
      "integrity": "sha512-DY0bhyczFSS1b/CqJlTE/nQRtnTAHl6IemIkBy0nEWnhDzRDdtdx4p5Uuk3vwAFxwEEgi1WqKwgSSMx6DpNL4A==",
      "dependencies": {
        "@algolia/autocomplete-shared": "1.5.2"
      }
    },
    "node_modules/@algolia/autocomplete-preset-algolia": {
      "version": "1.5.2",
      "resolved": "https://registry.npmjs.org/@algolia/autocomplete-preset-algolia/-/autocomplete-preset-algolia-1.5.2.tgz",
      "integrity": "sha512-3MRYnYQFJyovANzSX2CToS6/5cfVjbLLqFsZTKcvF3abhQzxbqwwaMBlJtt620uBUOeMzhdfasKhCc40+RHiZw==",
      "dependencies": {
        "@algolia/autocomplete-shared": "1.5.2"
      },
      "peerDependencies": {
        "@algolia/client-search": "^4.9.1",
        "algoliasearch": "^4.9.1"
      }
    },
    "node_modules/@algolia/autocomplete-shared": {
      "version": "1.5.2",
      "resolved": "https://registry.npmjs.org/@algolia/autocomplete-shared/-/autocomplete-shared-1.5.2.tgz",
      "integrity": "sha512-ylQAYv5H0YKMfHgVWX0j0NmL8XBcAeeeVQUmppnnMtzDbDnca6CzhKj3Q8eF9cHCgcdTDdb5K+3aKyGWA0obug=="
    },
    "node_modules/@algolia/cache-browser-local-storage": {
      "version": "4.13.0",
      "resolved": "https://registry.npmjs.org/@algolia/cache-browser-local-storage/-/cache-browser-local-storage-4.13.0.tgz",
      "integrity": "sha512-nj1vHRZauTqP/bluwkRIgEADEimqojJgoTRCel5f6q8WCa9Y8QeI4bpDQP28FoeKnDRYa3J5CauDlN466jqRhg==",
      "dependencies": {
        "@algolia/cache-common": "4.13.0"
      }
    },
    "node_modules/@algolia/cache-common": {
      "version": "4.13.0",
      "resolved": "https://registry.npmjs.org/@algolia/cache-common/-/cache-common-4.13.0.tgz",
      "integrity": "sha512-f9mdZjskCui/dA/fA/5a+6hZ7xnHaaZI5tM/Rw9X8rRB39SUlF/+o3P47onZ33n/AwkpSbi5QOyhs16wHd55kA=="
    },
    "node_modules/@algolia/cache-in-memory": {
      "version": "4.13.0",
      "resolved": "https://registry.npmjs.org/@algolia/cache-in-memory/-/cache-in-memory-4.13.0.tgz",
      "integrity": "sha512-hHdc+ahPiMM92CQMljmObE75laYzNFYLrNOu0Q3/eyvubZZRtY2SUsEEgyUEyzXruNdzrkcDxFYa7YpWBJYHAg==",
      "dependencies": {
        "@algolia/cache-common": "4.13.0"
      }
    },
    "node_modules/@algolia/client-account": {
      "version": "4.13.0",
      "resolved": "https://registry.npmjs.org/@algolia/client-account/-/client-account-4.13.0.tgz",
      "integrity": "sha512-FzFqFt9b0g/LKszBDoEsW+dVBuUe1K3scp2Yf7q6pgHWM1WqyqUlARwVpLxqyc+LoyJkTxQftOKjyFUqddnPKA==",
      "dependencies": {
        "@algolia/client-common": "4.13.0",
        "@algolia/client-search": "4.13.0",
        "@algolia/transporter": "4.13.0"
      }
    },
    "node_modules/@algolia/client-analytics": {
      "version": "4.13.0",
      "resolved": "https://registry.npmjs.org/@algolia/client-analytics/-/client-analytics-4.13.0.tgz",
      "integrity": "sha512-klmnoq2FIiiMHImkzOm+cGxqRLLu9CMHqFhbgSy9wtXZrqb8BBUIUE2VyBe7azzv1wKcxZV2RUyNOMpFqmnRZA==",
      "dependencies": {
        "@algolia/client-common": "4.13.0",
        "@algolia/client-search": "4.13.0",
        "@algolia/requester-common": "4.13.0",
        "@algolia/transporter": "4.13.0"
      }
    },
    "node_modules/@algolia/client-common": {
      "version": "4.13.0",
      "resolved": "https://registry.npmjs.org/@algolia/client-common/-/client-common-4.13.0.tgz",
      "integrity": "sha512-GoXfTp0kVcbgfSXOjfrxx+slSipMqGO9WnNWgeMmru5Ra09MDjrcdunsiiuzF0wua6INbIpBQFTC2Mi5lUNqGA==",
      "dependencies": {
        "@algolia/requester-common": "4.13.0",
        "@algolia/transporter": "4.13.0"
      }
    },
    "node_modules/@algolia/client-personalization": {
      "version": "4.13.0",
      "resolved": "https://registry.npmjs.org/@algolia/client-personalization/-/client-personalization-4.13.0.tgz",
      "integrity": "sha512-KneLz2WaehJmNfdr5yt2HQETpLaCYagRdWwIwkTqRVFCv4DxRQ2ChPVW9jeTj4YfAAhfzE6F8hn7wkQ/Jfj6ZA==",
      "dependencies": {
        "@algolia/client-common": "4.13.0",
        "@algolia/requester-common": "4.13.0",
        "@algolia/transporter": "4.13.0"
      }
    },
    "node_modules/@algolia/client-search": {
      "version": "4.13.0",
      "resolved": "https://registry.npmjs.org/@algolia/client-search/-/client-search-4.13.0.tgz",
      "integrity": "sha512-blgCKYbZh1NgJWzeGf+caKE32mo3j54NprOf0LZVCubQb3Kx37tk1Hc8SDs9bCAE8hUvf3cazMPIg7wscSxspA==",
      "dependencies": {
        "@algolia/client-common": "4.13.0",
        "@algolia/requester-common": "4.13.0",
        "@algolia/transporter": "4.13.0"
      }
    },
    "node_modules/@algolia/logger-common": {
      "version": "4.13.0",
      "resolved": "https://registry.npmjs.org/@algolia/logger-common/-/logger-common-4.13.0.tgz",
      "integrity": "sha512-8yqXk7rMtmQJ9wZiHOt/6d4/JDEg5VCk83gJ39I+X/pwUPzIsbKy9QiK4uJ3aJELKyoIiDT1hpYVt+5ia+94IA=="
    },
    "node_modules/@algolia/logger-console": {
      "version": "4.13.0",
      "resolved": "https://registry.npmjs.org/@algolia/logger-console/-/logger-console-4.13.0.tgz",
      "integrity": "sha512-YepRg7w2/87L0vSXRfMND6VJ5d6699sFJBRWzZPOlek2p5fLxxK7O0VncYuc/IbVHEgeApvgXx0WgCEa38GVuQ==",
      "dependencies": {
        "@algolia/logger-common": "4.13.0"
      }
    },
    "node_modules/@algolia/requester-browser-xhr": {
      "version": "4.13.0",
      "resolved": "https://registry.npmjs.org/@algolia/requester-browser-xhr/-/requester-browser-xhr-4.13.0.tgz",
      "integrity": "sha512-Dj+bnoWR5MotrnjblzGKZ2kCdQi2cK/VzPURPnE616NU/il7Ypy6U6DLGZ/ZYz+tnwPa0yypNf21uqt84fOgrg==",
      "dependencies": {
        "@algolia/requester-common": "4.13.0"
      }
    },
    "node_modules/@algolia/requester-common": {
      "version": "4.13.0",
      "resolved": "https://registry.npmjs.org/@algolia/requester-common/-/requester-common-4.13.0.tgz",
      "integrity": "sha512-BRTDj53ecK+gn7ugukDWOOcBRul59C4NblCHqj4Zm5msd5UnHFjd/sGX+RLOEoFMhetILAnmg6wMrRrQVac9vw=="
    },
    "node_modules/@algolia/requester-node-http": {
      "version": "4.13.0",
      "resolved": "https://registry.npmjs.org/@algolia/requester-node-http/-/requester-node-http-4.13.0.tgz",
      "integrity": "sha512-9b+3O4QFU4azLhGMrZAr/uZPydvzOR4aEZfSL8ZrpLZ7fbbqTO0S/5EVko+QIgglRAtVwxvf8UJ1wzTD2jvKxQ==",
      "dependencies": {
        "@algolia/requester-common": "4.13.0"
      }
    },
    "node_modules/@algolia/transporter": {
      "version": "4.13.0",
      "resolved": "https://registry.npmjs.org/@algolia/transporter/-/transporter-4.13.0.tgz",
      "integrity": "sha512-8tSQYE+ykQENAdeZdofvtkOr5uJ9VcQSWgRhQ9h01AehtBIPAczk/b2CLrMsw5yQZziLs5cZ3pJ3478yI+urhA==",
      "dependencies": {
        "@algolia/cache-common": "4.13.0",
        "@algolia/logger-common": "4.13.0",
        "@algolia/requester-common": "4.13.0"
      }
    },
    "node_modules/@docsearch/css": {
      "version": "3.0.0",
      "resolved": "https://registry.npmjs.org/@docsearch/css/-/css-3.0.0.tgz",
      "integrity": "sha512-1kkV7tkAsiuEd0shunYRByKJe3xQDG2q7wYg24SOw1nV9/2lwEd4WrUYRJC/ukGTl2/kHeFxsaUvtiOy0y6fFA=="
    },
    "node_modules/@docsearch/js": {
      "version": "3.0.0",
      "resolved": "https://registry.npmjs.org/@docsearch/js/-/js-3.0.0.tgz",
      "integrity": "sha512-j3tUJWlgW3slYqzGB8fm7y05kh2qqrIK1dZOXHeMUm/5gdKE85fiz/ltfCPMDFb/MXF+bLZChJXSMzqY0Ck30Q==",
      "dependencies": {
        "@docsearch/react": "3.0.0",
        "preact": "^10.0.0"
      }
    },
    "node_modules/@docsearch/react": {
      "version": "3.0.0",
      "resolved": "https://registry.npmjs.org/@docsearch/react/-/react-3.0.0.tgz",
      "integrity": "sha512-yhMacqS6TVQYoBh/o603zszIb5Bl8MIXuOc6Vy617I74pirisDzzcNh0NEaYQt50fVVR3khUbeEhUEWEWipESg==",
      "dependencies": {
        "@algolia/autocomplete-core": "1.5.2",
        "@algolia/autocomplete-preset-algolia": "1.5.2",
        "@docsearch/css": "3.0.0",
        "algoliasearch": "^4.0.0"
      },
      "peerDependencies": {
        "@types/react": ">= 16.8.0 < 18.0.0",
        "react": ">= 16.8.0 < 18.0.0",
        "react-dom": ">= 16.8.0 < 18.0.0"
      }
    },
    "node_modules/@types/prop-types": {
      "version": "15.7.5",
      "resolved": "https://registry.npmjs.org/@types/prop-types/-/prop-types-15.7.5.tgz",
      "integrity": "sha512-JCB8C6SnDoQf0cNycqd/35A7MjcnK+ZTqE7judS6o7utxUCg6imJg3QK2qzHKszlTjcj2cn+NwMB2i96ubpj7w==",
      "peer": true
    },
    "node_modules/@types/react": {
      "version": "17.0.45",
      "resolved": "https://registry.npmjs.org/@types/react/-/react-17.0.45.tgz",
      "integrity": "sha512-YfhQ22Lah2e3CHPsb93tRwIGNiSwkuz1/blk4e6QrWS0jQzCSNbGLtOEYhPg02W0yGTTmpajp7dCTbBAMN3qsg==",
      "peer": true,
      "dependencies": {
        "@types/prop-types": "*",
        "@types/scheduler": "*",
        "csstype": "^3.0.2"
      }
    },
    "node_modules/@types/scheduler": {
      "version": "0.16.2",
      "resolved": "https://registry.npmjs.org/@types/scheduler/-/scheduler-0.16.2.tgz",
      "integrity": "sha512-hppQEBDmlwhFAXKJX2KnWLYu5yMfi91yazPb2l+lbJiwW+wdo1gNeRA+3RgNSO39WYX2euey41KEwnqesU2Jew==",
      "peer": true
    },
    "node_modules/algoliasearch": {
      "version": "4.13.0",
      "resolved": "https://registry.npmjs.org/algoliasearch/-/algoliasearch-4.13.0.tgz",
      "integrity": "sha512-oHv4faI1Vl2s+YC0YquwkK/TsaJs79g2JFg5FDm2rKN12VItPTAeQ7hyJMHarOPPYuCnNC5kixbtcqvb21wchw==",
      "dependencies": {
        "@algolia/cache-browser-local-storage": "4.13.0",
        "@algolia/cache-common": "4.13.0",
        "@algolia/cache-in-memory": "4.13.0",
        "@algolia/client-account": "4.13.0",
        "@algolia/client-analytics": "4.13.0",
        "@algolia/client-common": "4.13.0",
        "@algolia/client-personalization": "4.13.0",
        "@algolia/client-search": "4.13.0",
        "@algolia/logger-common": "4.13.0",
        "@algolia/logger-console": "4.13.0",
        "@algolia/requester-browser-xhr": "4.13.0",
        "@algolia/requester-common": "4.13.0",
        "@algolia/requester-node-http": "4.13.0",
        "@algolia/transporter": "4.13.0"
      }
    },
    "node_modules/csstype": {
      "version": "3.0.11",
      "resolved": "https://registry.npmjs.org/csstype/-/csstype-3.0.11.tgz",
      "integrity": "sha512-sa6P2wJ+CAbgyy4KFssIb/JNMLxFvKF1pCYCSXS8ZMuqZnMsrxqI2E5sPyoTpxoPU/gVZMzr2zjOfg8GIZOMsw==",
      "peer": true
    },
    "node_modules/js-tokens": {
      "version": "4.0.0",
      "resolved": "https://registry.npmjs.org/js-tokens/-/js-tokens-4.0.0.tgz",
      "integrity": "sha512-RdJUflcE3cUzKiMqQgsCu06FPu9UdIJO0beYbPhHN4k6apgJtifcoCtT9bcxOpYBtpD2kCM6Sbzg4CausW/PKQ==",
      "peer": true
    },
    "node_modules/loose-envify": {
      "version": "1.4.0",
      "resolved": "https://registry.npmjs.org/loose-envify/-/loose-envify-1.4.0.tgz",
      "integrity": "sha512-lyuxPGr/Wfhrlem2CL/UcnUc1zcqKAImBDzukY7Y5F/yQiNdko6+fRLevlw1HgMySw7f611UIY408EtxRSoK3Q==",
      "peer": true,
      "dependencies": {
        "js-tokens": "^3.0.0 || ^4.0.0"
      },
      "bin": {
        "loose-envify": "cli.js"
      }
    },
    "node_modules/medium-zoom": {
      "version": "1.0.6",
      "resolved": "https://registry.npmjs.org/medium-zoom/-/medium-zoom-1.0.6.tgz",
      "integrity": "sha512-UdiUWfvz9fZMg1pzf4dcuqA0W079o0mpqbTnOz5ip4VGYX96QjmbM+OgOU/0uOzAytxC0Ny4z+VcYQnhdifimg=="
    },
    "node_modules/object-assign": {
      "version": "4.1.1",
      "resolved": "https://registry.npmjs.org/object-assign/-/object-assign-4.1.1.tgz",
      "integrity": "sha1-IQmtx5ZYh8/AXLvUQsrIv7s2CGM=",
      "peer": true,
      "engines": {
        "node": ">=0.10.0"
      }
    },
    "node_modules/preact": {
      "version": "10.6.4",
      "resolved": "https://registry.npmjs.org/preact/-/preact-10.6.4.tgz",
      "integrity": "sha512-WyosM7pxGcndU8hY0OQlLd54tOU+qmG45QXj2dAYrL11HoyU/EzOSTlpJsirbBr1QW7lICxSsVJJmcmUglovHQ==",
      "funding": {
        "type": "opencollective",
        "url": "https://opencollective.com/preact"
      }
    },
    "node_modules/react": {
      "version": "17.0.2",
      "resolved": "https://registry.npmjs.org/react/-/react-17.0.2.tgz",
      "integrity": "sha512-gnhPt75i/dq/z3/6q/0asP78D0u592D5L1pd7M8P+dck6Fu/jJeL6iVVK23fptSUZj8Vjf++7wXA8UNclGQcbA==",
      "peer": true,
      "dependencies": {
        "loose-envify": "^1.1.0",
        "object-assign": "^4.1.1"
      },
      "engines": {
        "node": ">=0.10.0"
      }
    },
    "node_modules/react-dom": {
      "version": "17.0.2",
      "resolved": "https://registry.npmjs.org/react-dom/-/react-dom-17.0.2.tgz",
      "integrity": "sha512-s4h96KtLDUQlsENhMn1ar8t2bEa+q/YAtj8pPPdIjPDGBDIVNsrD9aXNWqspUe6AzKCIG0C1HZZLqLV7qpOBGA==",
      "peer": true,
      "dependencies": {
        "loose-envify": "^1.1.0",
        "object-assign": "^4.1.1",
        "scheduler": "^0.20.2"
      },
      "peerDependencies": {
        "react": "17.0.2"
      }
    },
    "node_modules/scheduler": {
      "version": "0.20.2",
      "resolved": "https://registry.npmjs.org/scheduler/-/scheduler-0.20.2.tgz",
      "integrity": "sha512-2eWfGgAqqWFGqtdMmcL5zCMK1U8KlXv8SQFGglL3CEtd0aDVDWgeF/YoCmvln55m5zSk3J/20hTaSBeSObsQDQ==",
      "peer": true,
      "dependencies": {
        "loose-envify": "^1.1.0",
        "object-assign": "^4.1.1"
      }
    }
  },
  "dependencies": {
    "@algolia/autocomplete-core": {
      "version": "1.5.2",
      "resolved": "https://registry.npmjs.org/@algolia/autocomplete-core/-/autocomplete-core-1.5.2.tgz",
      "integrity": "sha512-DY0bhyczFSS1b/CqJlTE/nQRtnTAHl6IemIkBy0nEWnhDzRDdtdx4p5Uuk3vwAFxwEEgi1WqKwgSSMx6DpNL4A==",
      "requires": {
        "@algolia/autocomplete-shared": "1.5.2"
      }
    },
    "@algolia/autocomplete-preset-algolia": {
      "version": "1.5.2",
      "resolved": "https://registry.npmjs.org/@algolia/autocomplete-preset-algolia/-/autocomplete-preset-algolia-1.5.2.tgz",
      "integrity": "sha512-3MRYnYQFJyovANzSX2CToS6/5cfVjbLLqFsZTKcvF3abhQzxbqwwaMBlJtt620uBUOeMzhdfasKhCc40+RHiZw==",
      "requires": {
        "@algolia/autocomplete-shared": "1.5.2"
      }
    },
    "@algolia/autocomplete-shared": {
      "version": "1.5.2",
      "resolved": "https://registry.npmjs.org/@algolia/autocomplete-shared/-/autocomplete-shared-1.5.2.tgz",
      "integrity": "sha512-ylQAYv5H0YKMfHgVWX0j0NmL8XBcAeeeVQUmppnnMtzDbDnca6CzhKj3Q8eF9cHCgcdTDdb5K+3aKyGWA0obug=="
    },
    "@algolia/cache-browser-local-storage": {
      "version": "4.13.0",
      "resolved": "https://registry.npmjs.org/@algolia/cache-browser-local-storage/-/cache-browser-local-storage-4.13.0.tgz",
      "integrity": "sha512-nj1vHRZauTqP/bluwkRIgEADEimqojJgoTRCel5f6q8WCa9Y8QeI4bpDQP28FoeKnDRYa3J5CauDlN466jqRhg==",
      "requires": {
        "@algolia/cache-common": "4.13.0"
      }
    },
    "@algolia/cache-common": {
      "version": "4.13.0",
      "resolved": "https://registry.npmjs.org/@algolia/cache-common/-/cache-common-4.13.0.tgz",
      "integrity": "sha512-f9mdZjskCui/dA/fA/5a+6hZ7xnHaaZI5tM/Rw9X8rRB39SUlF/+o3P47onZ33n/AwkpSbi5QOyhs16wHd55kA=="
    },
    "@algolia/cache-in-memory": {
      "version": "4.13.0",
      "resolved": "https://registry.npmjs.org/@algolia/cache-in-memory/-/cache-in-memory-4.13.0.tgz",
      "integrity": "sha512-hHdc+ahPiMM92CQMljmObE75laYzNFYLrNOu0Q3/eyvubZZRtY2SUsEEgyUEyzXruNdzrkcDxFYa7YpWBJYHAg==",
      "requires": {
        "@algolia/cache-common": "4.13.0"
      }
    },
    "@algolia/client-account": {
      "version": "4.13.0",
      "resolved": "https://registry.npmjs.org/@algolia/client-account/-/client-account-4.13.0.tgz",
      "integrity": "sha512-FzFqFt9b0g/LKszBDoEsW+dVBuUe1K3scp2Yf7q6pgHWM1WqyqUlARwVpLxqyc+LoyJkTxQftOKjyFUqddnPKA==",
      "requires": {
        "@algolia/client-common": "4.13.0",
        "@algolia/client-search": "4.13.0",
        "@algolia/transporter": "4.13.0"
      }
    },
    "@algolia/client-analytics": {
      "version": "4.13.0",
      "resolved": "https://registry.npmjs.org/@algolia/client-analytics/-/client-analytics-4.13.0.tgz",
      "integrity": "sha512-klmnoq2FIiiMHImkzOm+cGxqRLLu9CMHqFhbgSy9wtXZrqb8BBUIUE2VyBe7azzv1wKcxZV2RUyNOMpFqmnRZA==",
      "requires": {
        "@algolia/client-common": "4.13.0",
        "@algolia/client-search": "4.13.0",
        "@algolia/requester-common": "4.13.0",
        "@algolia/transporter": "4.13.0"
      }
    },
    "@algolia/client-common": {
      "version": "4.13.0",
      "resolved": "https://registry.npmjs.org/@algolia/client-common/-/client-common-4.13.0.tgz",
      "integrity": "sha512-GoXfTp0kVcbgfSXOjfrxx+slSipMqGO9WnNWgeMmru5Ra09MDjrcdunsiiuzF0wua6INbIpBQFTC2Mi5lUNqGA==",
      "requires": {
        "@algolia/requester-common": "4.13.0",
        "@algolia/transporter": "4.13.0"
      }
    },
    "@algolia/client-personalization": {
      "version": "4.13.0",
      "resolved": "https://registry.npmjs.org/@algolia/client-personalization/-/client-personalization-4.13.0.tgz",
      "integrity": "sha512-KneLz2WaehJmNfdr5yt2HQETpLaCYagRdWwIwkTqRVFCv4DxRQ2ChPVW9jeTj4YfAAhfzE6F8hn7wkQ/Jfj6ZA==",
      "requires": {
        "@algolia/client-common": "4.13.0",
        "@algolia/requester-common": "4.13.0",
        "@algolia/transporter": "4.13.0"
      }
    },
    "@algolia/client-search": {
      "version": "4.13.0",
      "resolved": "https://registry.npmjs.org/@algolia/client-search/-/client-search-4.13.0.tgz",
      "integrity": "sha512-blgCKYbZh1NgJWzeGf+caKE32mo3j54NprOf0LZVCubQb3Kx37tk1Hc8SDs9bCAE8hUvf3cazMPIg7wscSxspA==",
      "requires": {
        "@algolia/client-common": "4.13.0",
        "@algolia/requester-common": "4.13.0",
        "@algolia/transporter": "4.13.0"
      }
    },
    "@algolia/logger-common": {
      "version": "4.13.0",
      "resolved": "https://registry.npmjs.org/@algolia/logger-common/-/logger-common-4.13.0.tgz",
      "integrity": "sha512-8yqXk7rMtmQJ9wZiHOt/6d4/JDEg5VCk83gJ39I+X/pwUPzIsbKy9QiK4uJ3aJELKyoIiDT1hpYVt+5ia+94IA=="
    },
    "@algolia/logger-console": {
      "version": "4.13.0",
      "resolved": "https://registry.npmjs.org/@algolia/logger-console/-/logger-console-4.13.0.tgz",
      "integrity": "sha512-YepRg7w2/87L0vSXRfMND6VJ5d6699sFJBRWzZPOlek2p5fLxxK7O0VncYuc/IbVHEgeApvgXx0WgCEa38GVuQ==",
      "requires": {
        "@algolia/logger-common": "4.13.0"
      }
    },
    "@algolia/requester-browser-xhr": {
      "version": "4.13.0",
      "resolved": "https://registry.npmjs.org/@algolia/requester-browser-xhr/-/requester-browser-xhr-4.13.0.tgz",
      "integrity": "sha512-Dj+bnoWR5MotrnjblzGKZ2kCdQi2cK/VzPURPnE616NU/il7Ypy6U6DLGZ/ZYz+tnwPa0yypNf21uqt84fOgrg==",
      "requires": {
        "@algolia/requester-common": "4.13.0"
      }
    },
    "@algolia/requester-common": {
      "version": "4.13.0",
      "resolved": "https://registry.npmjs.org/@algolia/requester-common/-/requester-common-4.13.0.tgz",
      "integrity": "sha512-BRTDj53ecK+gn7ugukDWOOcBRul59C4NblCHqj4Zm5msd5UnHFjd/sGX+RLOEoFMhetILAnmg6wMrRrQVac9vw=="
    },
    "@algolia/requester-node-http": {
      "version": "4.13.0",
      "resolved": "https://registry.npmjs.org/@algolia/requester-node-http/-/requester-node-http-4.13.0.tgz",
      "integrity": "sha512-9b+3O4QFU4azLhGMrZAr/uZPydvzOR4aEZfSL8ZrpLZ7fbbqTO0S/5EVko+QIgglRAtVwxvf8UJ1wzTD2jvKxQ==",
      "requires": {
        "@algolia/requester-common": "4.13.0"
      }
    },
    "@algolia/transporter": {
      "version": "4.13.0",
      "resolved": "https://registry.npmjs.org/@algolia/transporter/-/transporter-4.13.0.tgz",
      "integrity": "sha512-8tSQYE+ykQENAdeZdofvtkOr5uJ9VcQSWgRhQ9h01AehtBIPAczk/b2CLrMsw5yQZziLs5cZ3pJ3478yI+urhA==",
      "requires": {
        "@algolia/cache-common": "4.13.0",
        "@algolia/logger-common": "4.13.0",
        "@algolia/requester-common": "4.13.0"
      }
    },
    "@docsearch/css": {
      "version": "3.0.0",
      "resolved": "https://registry.npmjs.org/@docsearch/css/-/css-3.0.0.tgz",
      "integrity": "sha512-1kkV7tkAsiuEd0shunYRByKJe3xQDG2q7wYg24SOw1nV9/2lwEd4WrUYRJC/ukGTl2/kHeFxsaUvtiOy0y6fFA=="
    },
    "@docsearch/js": {
      "version": "3.0.0",
      "resolved": "https://registry.npmjs.org/@docsearch/js/-/js-3.0.0.tgz",
      "integrity": "sha512-j3tUJWlgW3slYqzGB8fm7y05kh2qqrIK1dZOXHeMUm/5gdKE85fiz/ltfCPMDFb/MXF+bLZChJXSMzqY0Ck30Q==",
      "requires": {
        "@docsearch/react": "3.0.0",
        "preact": "^10.0.0"
      }
    },
    "@docsearch/react": {
      "version": "3.0.0",
      "resolved": "https://registry.npmjs.org/@docsearch/react/-/react-3.0.0.tgz",
      "integrity": "sha512-yhMacqS6TVQYoBh/o603zszIb5Bl8MIXuOc6Vy617I74pirisDzzcNh0NEaYQt50fVVR3khUbeEhUEWEWipESg==",
      "requires": {
        "@algolia/autocomplete-core": "1.5.2",
        "@algolia/autocomplete-preset-algolia": "1.5.2",
        "@docsearch/css": "3.0.0",
        "algoliasearch": "^4.0.0"
      }
    },
    "@types/prop-types": {
      "version": "15.7.5",
      "resolved": "https://registry.npmjs.org/@types/prop-types/-/prop-types-15.7.5.tgz",
      "integrity": "sha512-JCB8C6SnDoQf0cNycqd/35A7MjcnK+ZTqE7judS6o7utxUCg6imJg3QK2qzHKszlTjcj2cn+NwMB2i96ubpj7w==",
      "peer": true
    },
    "@types/react": {
      "version": "17.0.45",
      "resolved": "https://registry.npmjs.org/@types/react/-/react-17.0.45.tgz",
      "integrity": "sha512-YfhQ22Lah2e3CHPsb93tRwIGNiSwkuz1/blk4e6QrWS0jQzCSNbGLtOEYhPg02W0yGTTmpajp7dCTbBAMN3qsg==",
      "peer": true,
      "requires": {
        "@types/prop-types": "*",
        "@types/scheduler": "*",
        "csstype": "^3.0.2"
      }
    },
    "@types/scheduler": {
      "version": "0.16.2",
      "resolved": "https://registry.npmjs.org/@types/scheduler/-/scheduler-0.16.2.tgz",
      "integrity": "sha512-hppQEBDmlwhFAXKJX2KnWLYu5yMfi91yazPb2l+lbJiwW+wdo1gNeRA+3RgNSO39WYX2euey41KEwnqesU2Jew==",
      "peer": true
    },
    "algoliasearch": {
      "version": "4.13.0",
      "resolved": "https://registry.npmjs.org/algoliasearch/-/algoliasearch-4.13.0.tgz",
      "integrity": "sha512-oHv4faI1Vl2s+YC0YquwkK/TsaJs79g2JFg5FDm2rKN12VItPTAeQ7hyJMHarOPPYuCnNC5kixbtcqvb21wchw==",
      "requires": {
        "@algolia/cache-browser-local-storage": "4.13.0",
        "@algolia/cache-common": "4.13.0",
        "@algolia/cache-in-memory": "4.13.0",
        "@algolia/client-account": "4.13.0",
        "@algolia/client-analytics": "4.13.0",
        "@algolia/client-common": "4.13.0",
        "@algolia/client-personalization": "4.13.0",
        "@algolia/client-search": "4.13.0",
        "@algolia/logger-common": "4.13.0",
        "@algolia/logger-console": "4.13.0",
        "@algolia/requester-browser-xhr": "4.13.0",
        "@algolia/requester-common": "4.13.0",
        "@algolia/requester-node-http": "4.13.0",
        "@algolia/transporter": "4.13.0"
      }
    },
    "csstype": {
      "version": "3.0.11",
      "resolved": "https://registry.npmjs.org/csstype/-/csstype-3.0.11.tgz",
      "integrity": "sha512-sa6P2wJ+CAbgyy4KFssIb/JNMLxFvKF1pCYCSXS8ZMuqZnMsrxqI2E5sPyoTpxoPU/gVZMzr2zjOfg8GIZOMsw==",
      "peer": true
    },
    "js-tokens": {
      "version": "4.0.0",
      "resolved": "https://registry.npmjs.org/js-tokens/-/js-tokens-4.0.0.tgz",
      "integrity": "sha512-RdJUflcE3cUzKiMqQgsCu06FPu9UdIJO0beYbPhHN4k6apgJtifcoCtT9bcxOpYBtpD2kCM6Sbzg4CausW/PKQ==",
      "peer": true
    },
    "loose-envify": {
      "version": "1.4.0",
      "resolved": "https://registry.npmjs.org/loose-envify/-/loose-envify-1.4.0.tgz",
      "integrity": "sha512-lyuxPGr/Wfhrlem2CL/UcnUc1zcqKAImBDzukY7Y5F/yQiNdko6+fRLevlw1HgMySw7f611UIY408EtxRSoK3Q==",
      "peer": true,
      "requires": {
        "js-tokens": "^3.0.0 || ^4.0.0"
      }
    },
    "medium-zoom": {
      "version": "1.0.6",
      "resolved": "https://registry.npmjs.org/medium-zoom/-/medium-zoom-1.0.6.tgz",
      "integrity": "sha512-UdiUWfvz9fZMg1pzf4dcuqA0W079o0mpqbTnOz5ip4VGYX96QjmbM+OgOU/0uOzAytxC0Ny4z+VcYQnhdifimg=="
    },
    "object-assign": {
      "version": "4.1.1",
      "resolved": "https://registry.npmjs.org/object-assign/-/object-assign-4.1.1.tgz",
      "integrity": "sha1-IQmtx5ZYh8/AXLvUQsrIv7s2CGM=",
      "peer": true
    },
    "preact": {
      "version": "10.6.4",
      "resolved": "https://registry.npmjs.org/preact/-/preact-10.6.4.tgz",
      "integrity": "sha512-WyosM7pxGcndU8hY0OQlLd54tOU+qmG45QXj2dAYrL11HoyU/EzOSTlpJsirbBr1QW7lICxSsVJJmcmUglovHQ=="
    },
    "react": {
      "version": "17.0.2",
      "resolved": "https://registry.npmjs.org/react/-/react-17.0.2.tgz",
      "integrity": "sha512-gnhPt75i/dq/z3/6q/0asP78D0u592D5L1pd7M8P+dck6Fu/jJeL6iVVK23fptSUZj8Vjf++7wXA8UNclGQcbA==",
      "peer": true,
      "requires": {
        "loose-envify": "^1.1.0",
        "object-assign": "^4.1.1"
      }
    },
    "react-dom": {
      "version": "17.0.2",
      "resolved": "https://registry.npmjs.org/react-dom/-/react-dom-17.0.2.tgz",
      "integrity": "sha512-s4h96KtLDUQlsENhMn1ar8t2bEa+q/YAtj8pPPdIjPDGBDIVNsrD9aXNWqspUe6AzKCIG0C1HZZLqLV7qpOBGA==",
      "peer": true,
      "requires": {
        "loose-envify": "^1.1.0",
        "object-assign": "^4.1.1",
        "scheduler": "^0.20.2"
      }
    },
    "scheduler": {
      "version": "0.20.2",
      "resolved": "https://registry.npmjs.org/scheduler/-/scheduler-0.20.2.tgz",
      "integrity": "sha512-2eWfGgAqqWFGqtdMmcL5zCMK1U8KlXv8SQFGglL3CEtd0aDVDWgeF/YoCmvln55m5zSk3J/20hTaSBeSObsQDQ==",
      "peer": true,
      "requires": {
        "loose-envify": "^1.1.0",
        "object-assign": "^4.1.1"
      }
    }
  }
}
