apiVersion: vendir.k14s.io/v1alpha1
directories:
- contents:
  - githubRelease:
      url: https://api.github.com/repos/vmware-tanzu/package-for-kpack/releases/57955795
    path: .
  path: 0.5.0
- contents:
  - githubRelease:
      url: https://api.github.com/repos/vmware-tanzu/package-for-kpack/releases/60379929
    path: .
  path: 0.5.1
- contents:
  - githubRelease:
      url: https://api.github.com/repos/vmware-tanzu/package-for-kpack/releases/62341059
    path: .
  path: 0.5.2
- contents:
  - githubRelease:
      url: https://api.github.com/repos/vmware-tanzu/package-for-kpack/releases/69421220
    path: .
  path: 0.6.0
kind: LockConfig
