apiVersion: vendir.k14s.io/v1alpha1
directories:
- contents:
  - githubRelease:
      url: https://api.github.com/repos/knative/serving/releases/52511884
    path: serving
  - githubRelease:
      url: https://api.github.com/repos/knative-sandbox/net-contour/releases/52504736
    path: contour
  - githubRelease:
      url: https://api.github.com/repos/knative-sandbox/net-certmanager/releases/52503942
    path: cert-manager
  path: config/upstream
kind: LockConfig
