apiVersion: vendir.k14s.io/v1alpha1
directories:
- contents:
  - git:
      commitTitle: 'Merge pull request #1919 from kubernetes-sigs/raffo/release-script-update...'
      sha: 3aed4c0d4a302f25e4fdc29dcd49b4c82d03164a
      tags:
      - v0.7.6
    path: .
  path: config/upstream
kind: LockConfig
