apiVersion: vendir.k14s.io/v1alpha1
directories:
- contents:
  - git:
      commitTitle: Allow Users to Provide Schema for Package Values (#190)...
      sha: 5c8d692263f02d4ac3ce858b142336de09d6fe45
      tags:
      - v0.19.0-83-g5c8d6922
    path: kapp-controller.yaml
  path: config/upstream
kind: LockConfig
