apiVersion: vendir.k14s.io/v1alpha1
directories:
- contents:
  - git:
      commitTitle: Update release script to use correct release version for csi driver images
      sha: 28c55a22dcb986460b66f7de3838c96146e39900
      tags:
      - v2.4.0
    path: vsphere-csi
  path: config/upstream
kind: LockConfig
