apiVersion: vendir.k14s.io/v1alpha1
directories:
- contents:
  - git:
      commitTitle: Update release script to use correct release version for csi driver images
      sha: b56e4cecf627d17d94353ac554cf9de54a5c9078
      tags:
      - v2.4.0-rc.1
    path: vsphere-csi
  path: config/upstream
kind: LockConfig
